// !$*UTF8*$!
{
	archiveVersion = 1;
	classes = {
	};
	objectVersion = 56;
	objects = {

/* Begin PBXBuildFile section */
		4100DB8C2ADCB9510098B58C /* ItemChart.swift in Sources */ = {isa = PBXBuildFile; fileRef = 4100DB8B2ADCB9510098B58C /* ItemChart.swift */; };
		4107D86C2C2CD7FC00632BE4 /* ContentView+Toolbar.swift in Sources */ = {isa = PBXBuildFile; fileRef = 4107D86B2C2CD7FC00632BE4 /* ContentView+Toolbar.swift */; };
		4107D86E2C2CD9B700632BE4 /* InvoicesButton.swift in Sources */ = {isa = PBXBuildFile; fileRef = 4107D86D2C2CD9B700632BE4 /* InvoicesButton.swift */; };
		410A16162BFADBBB009DFEE1 /* SelectedChart.swift in Sources */ = {isa = PBXBuildFile; fileRef = 410A16152BFADBBB009DFEE1 /* SelectedChart.swift */; };
		410A56102D0F898B00C722E3 /* SyncDashboardView.swift in Sources */ = {isa = PBXBuildFile; fileRef = 410A560F2D0F898B00C722E3 /* SyncDashboardView.swift */; };
		410A5D512C1FD38D005A073C /* MainSheet.swift in Sources */ = {isa = PBXBuildFile; fileRef = 410A5D502C1FD38D005A073C /* MainSheet.swift */; };
		410A5D532C1FD393005A073C /* DetailSheet.swift in Sources */ = {isa = PBXBuildFile; fileRef = 410A5D522C1FD393005A073C /* DetailSheet.swift */; };
		410F37262CAB5938008236ED /* DeviceDetailsPanelView.swift in Sources */ = {isa = PBXBuildFile; fileRef = 410F37252CAB5938008236ED /* DeviceDetailsPanelView.swift */; };
		410F372A2CABA58B008236ED /* Rack.swift in Sources */ = {isa = PBXBuildFile; fileRef = 410F37292CABA58B008236ED /* Rack.swift */; };
		411226102C167CAF003C6C65 /* DeviceDetails.swift in Sources */ = {isa = PBXBuildFile; fileRef = 4112260F2C167CAF003C6C65 /* DeviceDetails.swift */; };
		4114A6EC2BA3B7EF00ABEC8C /* InterfaceStatusCell.swift in Sources */ = {isa = PBXBuildFile; fileRef = 4114A6EB2BA3B7EF00ABEC8C /* InterfaceStatusCell.swift */; };
		411BE6592CA0E1B2008272D6 /* DeviceChartSelector.swift in Sources */ = {isa = PBXBuildFile; fileRef = 411BE6582CA0E1B2008272D6 /* DeviceChartSelector.swift */; };
		4122CC3B2C081B3600EEE5CA /* DeviceFaceplate.swift in Sources */ = {isa = PBXBuildFile; fileRef = 4122CC3A2C081B3600EEE5CA /* DeviceFaceplate.swift */; };
		4128B0DB2CC7459500EB85D2 /* DeviceBaySlotView.swift in Sources */ = {isa = PBXBuildFile; fileRef = 4128B0DA2CC7459000EB85D2 /* DeviceBaySlotView.swift */; };
		412BAF3F2C51B7A00026BC6D /* Layout.swift in Sources */ = {isa = PBXBuildFile; fileRef = 412BAF3E2C51B7A00026BC6D /* Layout.swift */; };
		4138F99C2C33A1E600FEA28E /* AnnotationView.swift in Sources */ = {isa = PBXBuildFile; fileRef = 4138F99B2C33A1E600FEA28E /* AnnotationView.swift */; };
		413BEA0C2CA38E3F0051DDD2 /* OverlayItemStyle.swift in Sources */ = {isa = PBXBuildFile; fileRef = 413BEA0B2CA38E3F0051DDD2 /* OverlayItemStyle.swift */; };
		413BEA0E2CA3B48B0051DDD2 /* MapStyleSheet.swift in Sources */ = {isa = PBXBuildFile; fileRef = 413BEA0D2CA3B48B0051DDD2 /* MapStyleSheet.swift */; };
		41446D242BF40D3900EA7A14 /* CPUCoresChart.swift in Sources */ = {isa = PBXBuildFile; fileRef = 41446D232BF40D3900EA7A14 /* CPUCoresChart.swift */; };
		4158C9682BF16BAA00BB318C /* DeviceUptimeChart.swift in Sources */ = {isa = PBXBuildFile; fileRef = 4158C9672BF16BAA00BB318C /* DeviceUptimeChart.swift */; };
		415F99462CD820B300845D15 /* SiteDataService.swift in Sources */ = {isa = PBXBuildFile; fileRef = 415F99452CD820B300845D15 /* SiteDataService.swift */; };
		41691A772D2CD04100F8FCA3 /* SiteLeftPane.swift in Sources */ = {isa = PBXBuildFile; fileRef = 41691A762D2CD04100F8FCA3 /* SiteLeftPane.swift */; };
		416EF8932D21E979001CD25B /* ChartDataProcessor.swift in Sources */ = {isa = PBXBuildFile; fileRef = 416EF8922D21E979001CD25B /* ChartDataProcessor.swift */; };
		41703CA32CC9D9CB00FA5C03 /* Interface.swift in Sources */ = {isa = PBXBuildFile; fileRef = 41703CA22CC9D9CB00FA5C03 /* Interface.swift */; };
		4171CB852B8C38850001D252 /* SyncProvider.swift in Sources */ = {isa = PBXBuildFile; fileRef = 4171CB842B8C38850001D252 /* SyncProvider.swift */; };
		41763EDB2CB720DE005DEEFF /* StaticDevice.swift in Sources */ = {isa = PBXBuildFile; fileRef = 41763EDA2CB720DE005DEEFF /* StaticDevice.swift */; };
		4177A5EC2CE3FF2E00A7C754 /* SyncButton.swift in Sources */ = {isa = PBXBuildFile; fileRef = 4177A5EB2CE3FF2E00A7C754 /* SyncButton.swift */; };
		4181FED72CBF643A00E4D035 /* DeviceInRackView.swift in Sources */ = {isa = PBXBuildFile; fileRef = 4181FED62CBF643800E4D035 /* DeviceInRackView.swift */; };
		4181FED92CBF645700E4D035 /* StaticDeviceInRackView.swift in Sources */ = {isa = PBXBuildFile; fileRef = 4181FED82CBF644F00E4D035 /* StaticDeviceInRackView.swift */; };
		4181FEDD2CBF65F500E4D035 /* PatchPanelView.swift in Sources */ = {isa = PBXBuildFile; fileRef = 4181FEDC2CBF65F300E4D035 /* PatchPanelView.swift */; };
		4181FEDF2CBF66CF00E4D035 /* RackUnitView.swift in Sources */ = {isa = PBXBuildFile; fileRef = 4181FEDE2CBF66CD00E4D035 /* RackUnitView.swift */; };
		4183714E2AD64877006E6E61 /* Item.swift in Sources */ = {isa = PBXBuildFile; fileRef = 4183714D2AD64877006E6E61 /* Item.swift */; };
		418D0C722B6C737E00630E1B /* EventCounter.swift in Sources */ = {isa = PBXBuildFile; fileRef = 418D0C712B6C737E00630E1B /* EventCounter.swift */; };
		419246082B6B2F380067DE98 /* ProviderModelActor.swift in Sources */ = {isa = PBXBuildFile; fileRef = 419246072B6B2F380067DE98 /* ProviderModelActor.swift */; };
		41934BAF2BC8C552007DB27A /* MemberCell.swift in Sources */ = {isa = PBXBuildFile; fileRef = 41934BAE2BC8C552007DB27A /* MemberCell.swift */; };
		419A0D9D2BED8A0D00FC74AF /* MapStyleButton.swift in Sources */ = {isa = PBXBuildFile; fileRef = 419A0D9C2BED8A0D00FC74AF /* MapStyleButton.swift */; };
		419B02E12ADC7EF600D5FF47 /* History.swift in Sources */ = {isa = PBXBuildFile; fileRef = 419B02E02ADC7EF600D5FF47 /* History.swift */; };
		419D50F72C2221F400CEA439 /* HistoryFetcher.swift in Sources */ = {isa = PBXBuildFile; fileRef = 419D50F62C2221F400CEA439 /* HistoryFetcher.swift */; };
		419D50F92C227D3600CEA439 /* SitesList.swift in Sources */ = {isa = PBXBuildFile; fileRef = 419D50F82C227D3600CEA439 /* SitesList.swift */; };
		41A0BE9C2C8FBF5C00C39B50 /* SettingsView.swift in Sources */ = {isa = PBXBuildFile; fileRef = 41A0BE9B2C8FBF5C00C39B50 /* SettingsView.swift */; };
		41A0BE9E2C8FC05200C39B50 /* Configuration.swift in Sources */ = {isa = PBXBuildFile; fileRef = 41A0BE9D2C8FC05200C39B50 /* Configuration.swift */; };
		41A777CC2B7987B500A7695C /* Localizable.strings in Resources */ = {isa = PBXBuildFile; fileRef = 41A777CB2B7987B500A7695C /* Localizable.strings */; };
		41A898FD2CC6F7E900856329 /* DeviceBay.swift in Sources */ = {isa = PBXBuildFile; fileRef = 41A898FC2CC6F7E900856329 /* DeviceBay.swift */; };
		41ACDC682B72D762003027A3 /* NotificationHandler.swift in Sources */ = {isa = PBXBuildFile; fileRef = 41ACDC672B72D762003027A3 /* NotificationHandler.swift */; };
		41AF55732D14B8B500072BF6 /* RequestStatusManager.swift in Sources */ = {isa = PBXBuildFile; fileRef = 41AF55722D14B8B500072BF6 /* RequestStatusManager.swift */; };
		41B467B02C3C984C00B23BA8 /* DeviceBuilder.swift in Sources */ = {isa = PBXBuildFile; fileRef = 41B467AF2C3C984C00B23BA8 /* DeviceBuilder.swift */; };
		41B82EE92CACBC930019FDAD /* RackView.swift in Sources */ = {isa = PBXBuildFile; fileRef = 41B82EE82CACBC930019FDAD /* RackView.swift */; };
		41C7AA642ACE081A009DB9BD /* CableProperties.swift in Sources */ = {isa = PBXBuildFile; fileRef = 41C7AA632ACE081A009DB9BD /* CableProperties.swift */; };
		41D7B54E2C28EBB600D11F4B /* UpdateParameters.swift in Sources */ = {isa = PBXBuildFile; fileRef = 41D7B54D2C28EBB600D11F4B /* UpdateParameters.swift */; };
		41D8E68C2D2B72BD002CA36D /* CredentialsTip.swift in Sources */ = {isa = PBXBuildFile; fileRef = 41D8E68B2D2B72BD002CA36D /* CredentialsTip.swift */; };
		41D8E68E2D2B76A0002CA36D /* FetchEventsTip.swift in Sources */ = {isa = PBXBuildFile; fileRef = 41D8E68D2D2B76A0002CA36D /* FetchEventsTip.swift */; };
		41DD37742D349F45009F37A0 /* TipManager.swift in Sources */ = {isa = PBXBuildFile; fileRef = 41DD37732D349F45009F37A0 /* TipManager.swift */; };
		41EBAF932CC5A650006E06A5 /* ShelfView.swift in Sources */ = {isa = PBXBuildFile; fileRef = 41EBAF922CC5A650006E06A5 /* ShelfView.swift */; };
		41FE16212C0EA8F5002BF132 /* InterfacePopover.swift in Sources */ = {isa = PBXBuildFile; fileRef = 41FE16202C0EA8F5002BF132 /* InterfacePopover.swift */; };
		C9613E802BDBA5A800873053 /* DeviceOverviewView.swift in Sources */ = {isa = PBXBuildFile; fileRef = C9613E7F2BDBA5A800873053 /* DeviceOverviewView.swift */; };
		C96191622ACA552F000198DB /* PulseApp.swift in Sources */ = {isa = PBXBuildFile; fileRef = C96191612ACA552F000198DB /* PulseApp.swift */; };
		C96191642ACA552F000198DB /* ContentView.swift in Sources */ = {isa = PBXBuildFile; fileRef = C96191632ACA552F000198DB /* ContentView.swift */; };
		C96191682ACA5530000198DB /* Assets.xcassets in Resources */ = {isa = PBXBuildFile; fileRef = C96191672ACA5530000198DB /* Assets.xcassets */; };
		C961916C2ACA5530000198DB /* Preview Assets.xcassets in Resources */ = {isa = PBXBuildFile; fileRef = C961916B2ACA5530000198DB /* Preview Assets.xcassets */; };
		C96191802ACA5530000198DB /* PulseUITests.swift in Sources */ = {isa = PBXBuildFile; fileRef = C961917F2ACA5530000198DB /* PulseUITests.swift */; };
		C96191822ACA5530000198DB /* PulseUITestsLaunchTests.swift in Sources */ = {isa = PBXBuildFile; fileRef = C96191812ACA5530000198DB /* PulseUITestsLaunchTests.swift */; };
		C961919B2ACA56D4000198DB /* SearchBar.swift in Sources */ = {isa = PBXBuildFile; fileRef = C961919A2ACA56D4000198DB /* SearchBar.swift */; };
		C961919D2ACA56E0000198DB /* SiteRow.swift in Sources */ = {isa = PBXBuildFile; fileRef = C961919C2ACA56E0000198DB /* SiteRow.swift */; };
		C96191A02ACA5711000198DB /* Edge.swift in Sources */ = {isa = PBXBuildFile; fileRef = C961919F2ACA5711000198DB /* Edge.swift */; };
		C96191A22ACA5721000198DB /* Device.swift in Sources */ = {isa = PBXBuildFile; fileRef = C96191A12ACA5721000198DB /* Device.swift */; };
		C96191A42ACA572E000198DB /* DeviceRole.swift in Sources */ = {isa = PBXBuildFile; fileRef = C96191A32ACA572E000198DB /* DeviceRole.swift */; };
		C96191A62ACA573A000198DB /* DeviceType.swift in Sources */ = {isa = PBXBuildFile; fileRef = C96191A52ACA573A000198DB /* DeviceType.swift */; };
		C96191AE2ACA578C000198DB /* Region.swift in Sources */ = {isa = PBXBuildFile; fileRef = C96191AD2ACA578C000198DB /* Region.swift */; };
		C96191B02ACA5794000198DB /* Site.swift in Sources */ = {isa = PBXBuildFile; fileRef = C96191AF2ACA5794000198DB /* Site.swift */; };
		C96191B22ACA57AD000198DB /* SiteGroup.swift in Sources */ = {isa = PBXBuildFile; fileRef = C96191B12ACA57AD000198DB /* SiteGroup.swift */; };
		C96191B42ACA57B9000198DB /* SwiftDataError.swift in Sources */ = {isa = PBXBuildFile; fileRef = C96191B32ACA57B9000198DB /* SwiftDataError.swift */; };
		C96191B62ACA57C5000198DB /* Tenant.swift in Sources */ = {isa = PBXBuildFile; fileRef = C96191B52ACA57C5000198DB /* Tenant.swift */; };
		C96191B82ACA57D2000198DB /* TenantGroup.swift in Sources */ = {isa = PBXBuildFile; fileRef = C96191B72ACA57D2000198DB /* TenantGroup.swift */; };
		C96191BA2ACA57FC000198DB /* APIRequest.swift in Sources */ = {isa = PBXBuildFile; fileRef = C96191B92ACA57FC000198DB /* APIRequest.swift */; };
		C96191BC2ACA5808000198DB /* NetboxResource.swift in Sources */ = {isa = PBXBuildFile; fileRef = C96191BB2ACA5808000198DB /* NetboxResource.swift */; };
		C96191BE2ACA5813000198DB /* ZabbixResource.swift in Sources */ = {isa = PBXBuildFile; fileRef = C96191BD2ACA5813000198DB /* ZabbixResource.swift */; };
		C96191C32ACA5856000198DB /* AddButton.swift in Sources */ = {isa = PBXBuildFile; fileRef = C96191C22ACA5856000198DB /* AddButton.swift */; };
		C96191C72ACA5881000198DB /* FilterButton.swift in Sources */ = {isa = PBXBuildFile; fileRef = C96191C62ACA5881000198DB /* FilterButton.swift */; };
		C96191C92ACA58A2000198DB /* SelectButton.swift in Sources */ = {isa = PBXBuildFile; fileRef = C96191C82ACA58A2000198DB /* SelectButton.swift */; };
		C96191CE2ACA58C7000198DB /* ToolbarStatus.swift in Sources */ = {isa = PBXBuildFile; fileRef = C96191CC2ACA58BF000198DB /* ToolbarStatus.swift */; };
		C96191D32ACA5A5D000198DB /* DeviceDetail.swift in Sources */ = {isa = PBXBuildFile; fileRef = C96191D22ACA5A5D000198DB /* DeviceDetail.swift */; };
		C96191D52ACA5A97000198DB /* DeviceRow.swift in Sources */ = {isa = PBXBuildFile; fileRef = C96191D42ACA5A97000198DB /* DeviceRow.swift */; };
		C96191D72ACA5AB4000198DB /* DeviceView.swift in Sources */ = {isa = PBXBuildFile; fileRef = C96191D62ACA5AB4000198DB /* DeviceView.swift */; };
		C96191D92ACA5B17000198DB /* EdgeLabel.swift in Sources */ = {isa = PBXBuildFile; fileRef = C96191D82ACA5B17000198DB /* EdgeLabel.swift */; };
		C96191DB2ACA5B2F000198DB /* EdgeView.swift in Sources */ = {isa = PBXBuildFile; fileRef = C96191DA2ACA5B2F000198DB /* EdgeView.swift */; };
		C96191DF2ACA5B62000198DB /* GridLayerView.swift in Sources */ = {isa = PBXBuildFile; fileRef = C96191DE2ACA5B62000198DB /* GridLayerView.swift */; };
		C96191E32ACA5B7F000198DB /* InterfacesTable.swift in Sources */ = {isa = PBXBuildFile; fileRef = C96191E22ACA5B7F000198DB /* InterfacesTable.swift */; };
		C96191E72ACA5B95000198DB /* SiteGraphView.swift in Sources */ = {isa = PBXBuildFile; fileRef = C96191E62ACA5B95000198DB /* SiteGraphView.swift */; };
		C96191E92ACA5BA3000198DB /* SiteView.swift in Sources */ = {isa = PBXBuildFile; fileRef = C96191E82ACA5BA3000198DB /* SiteView.swift */; };
		C96191F22ACA5C03000198DB /* SiteGroupRow.swift in Sources */ = {isa = PBXBuildFile; fileRef = C96191F12ACA5C03000198DB /* SiteGroupRow.swift */; };
		C96191F92ACA5C44000198DB /* MapView.swift in Sources */ = {isa = PBXBuildFile; fileRef = C96191F82ACA5C44000198DB /* MapView.swift */; };
		C96192032ACA5CF8000198DB /* AcknowledgedCell.swift in Sources */ = {isa = PBXBuildFile; fileRef = C96192022ACA5CF8000198DB /* AcknowledgedCell.swift */; };
		C96192052ACA5D00000198DB /* EventModal.swift in Sources */ = {isa = PBXBuildFile; fileRef = C96192042ACA5D00000198DB /* EventModal.swift */; };
		C96192072ACA5D0A000198DB /* EventTable.swift in Sources */ = {isa = PBXBuildFile; fileRef = C96192062ACA5D0A000198DB /* EventTable.swift */; };
		C96192092ACA5D13000198DB /* SeverityCell.swift in Sources */ = {isa = PBXBuildFile; fileRef = C96192082ACA5D13000198DB /* SeverityCell.swift */; };
		C961920B2ACA5D1D000198DB /* StatusCell.swift in Sources */ = {isa = PBXBuildFile; fileRef = C961920A2ACA5D1D000198DB /* StatusCell.swift */; };
		C961920D2ACA5D28000198DB /* TableToolbar.swift in Sources */ = {isa = PBXBuildFile; fileRef = C961920C2ACA5D28000198DB /* TableToolbar.swift */; };
		C961920F2ACA5D32000198DB /* TimeCell.swift in Sources */ = {isa = PBXBuildFile; fileRef = C961920E2ACA5D32000198DB /* TimeCell.swift */; };
		C96192112ACA5D3D000198DB /* UpdateModal.swift in Sources */ = {isa = PBXBuildFile; fileRef = C96192102ACA5D3D000198DB /* UpdateModal.swift */; };
		C962F8EE2E606BBE00B182AE /* AddSiteWindow.swift in Sources */ = {isa = PBXBuildFile; fileRef = C962F8ED2E606BBE00B182AE /* AddSiteWindow.swift */; };
		C96F2F952E719BC2007BADE5 /* AppConfiguration.swift in Sources */ = {isa = PBXBuildFile; fileRef = C96F2F942E719BBC007BADE5 /* AppConfiguration.swift */; };
		C97C4F3C2ACB7270009F3795 /* PreviewSampleData.swift in Sources */ = {isa = PBXBuildFile; fileRef = C97C4F3B2ACB7270009F3795 /* PreviewSampleData.swift */; };
		C97C4F3E2ACB7CEC009F3795 /* PreviewTrait.swift in Sources */ = {isa = PBXBuildFile; fileRef = C97C4F3D2ACB7CEC009F3795 /* PreviewTrait.swift */; };
		C9BF5DA22E5B223900FD1AC3 /* PulseAppIcon.icon in Resources */ = {isa = PBXBuildFile; fileRef = C9BF5DA12E5B223900FD1AC3 /* PulseAppIcon.icon */; };
		C9FCA5172D153E4D00D9E851 /* Event.swift in Sources */ = {isa = PBXBuildFile; fileRef = C9FCA5162D153E4700D9E851 /* Event.swift */; };
/* End PBXBuildFile section */

/* Begin PBXContainerItemProxy section */
		C96191722ACA5530000198DB /* PBXContainerItemProxy */ = {
			isa = PBXContainerItemProxy;
			containerPortal = C96191562ACA552F000198DB /* Project object */;
			proxyType = 1;
			remoteGlobalIDString = C961915D2ACA552F000198DB;
			remoteInfo = Pulse;
		};
		C961917C2ACA5530000198DB /* PBXContainerItemProxy */ = {
			isa = PBXContainerItemProxy;
			containerPortal = C96191562ACA552F000198DB /* Project object */;
			proxyType = 1;
			remoteGlobalIDString = C961915D2ACA552F000198DB;
			remoteInfo = Pulse;
		};
/* End PBXContainerItemProxy section */

/* Begin PBXFileReference section */
		4100DB8B2ADCB9510098B58C /* ItemChart.swift */ = {isa = PBXFileReference; lastKnownFileType = sourcecode.swift; path = ItemChart.swift; sourceTree = "<group>"; };
		4107D86B2C2CD7FC00632BE4 /* ContentView+Toolbar.swift */ = {isa = PBXFileReference; lastKnownFileType = sourcecode.swift; path = "ContentView+Toolbar.swift"; sourceTree = "<group>"; };
		4107D86D2C2CD9B700632BE4 /* InvoicesButton.swift */ = {isa = PBXFileReference; lastKnownFileType = sourcecode.swift; path = InvoicesButton.swift; sourceTree = "<group>"; };
		410A16152BFADBBB009DFEE1 /* SelectedChart.swift */ = {isa = PBXFileReference; lastKnownFileType = sourcecode.swift; path = SelectedChart.swift; sourceTree = "<group>"; };
		410A560F2D0F898B00C722E3 /* SyncDashboardView.swift */ = {isa = PBXFileReference; lastKnownFileType = sourcecode.swift; path = SyncDashboardView.swift; sourceTree = "<group>"; };
		410A5D502C1FD38D005A073C /* MainSheet.swift */ = {isa = PBXFileReference; lastKnownFileType = sourcecode.swift; path = MainSheet.swift; sourceTree = "<group>"; };
		410A5D522C1FD393005A073C /* DetailSheet.swift */ = {isa = PBXFileReference; lastKnownFileType = sourcecode.swift; path = DetailSheet.swift; sourceTree = "<group>"; };
		410F37252CAB5938008236ED /* DeviceDetailsPanelView.swift */ = {isa = PBXFileReference; lastKnownFileType = sourcecode.swift; path = DeviceDetailsPanelView.swift; sourceTree = "<group>"; };
		410F37292CABA58B008236ED /* Rack.swift */ = {isa = PBXFileReference; lastKnownFileType = sourcecode.swift; path = Rack.swift; sourceTree = "<group>"; };
		4112260F2C167CAF003C6C65 /* DeviceDetails.swift */ = {isa = PBXFileReference; lastKnownFileType = sourcecode.swift; path = DeviceDetails.swift; sourceTree = "<group>"; };
		4114A6EB2BA3B7EF00ABEC8C /* InterfaceStatusCell.swift */ = {isa = PBXFileReference; lastKnownFileType = sourcecode.swift; path = InterfaceStatusCell.swift; sourceTree = "<group>"; };
		411BE6582CA0E1B2008272D6 /* DeviceChartSelector.swift */ = {isa = PBXFileReference; lastKnownFileType = sourcecode.swift; path = DeviceChartSelector.swift; sourceTree = "<group>"; };
		4122CC3A2C081B3600EEE5CA /* DeviceFaceplate.swift */ = {isa = PBXFileReference; lastKnownFileType = sourcecode.swift; path = DeviceFaceplate.swift; sourceTree = "<group>"; };
		4128B0DA2CC7459000EB85D2 /* DeviceBaySlotView.swift */ = {isa = PBXFileReference; lastKnownFileType = sourcecode.swift; path = DeviceBaySlotView.swift; sourceTree = "<group>"; };
		412BAF3E2C51B7A00026BC6D /* Layout.swift */ = {isa = PBXFileReference; lastKnownFileType = sourcecode.swift; path = Layout.swift; sourceTree = "<group>"; };
		4138F99B2C33A1E600FEA28E /* AnnotationView.swift */ = {isa = PBXFileReference; lastKnownFileType = sourcecode.swift; path = AnnotationView.swift; sourceTree = "<group>"; };
		413BEA0B2CA38E3F0051DDD2 /* OverlayItemStyle.swift */ = {isa = PBXFileReference; lastKnownFileType = sourcecode.swift; path = OverlayItemStyle.swift; sourceTree = "<group>"; };
		413BEA0D2CA3B48B0051DDD2 /* MapStyleSheet.swift */ = {isa = PBXFileReference; lastKnownFileType = sourcecode.swift; path = MapStyleSheet.swift; sourceTree = "<group>"; };
		41446D232BF40D3900EA7A14 /* CPUCoresChart.swift */ = {isa = PBXFileReference; lastKnownFileType = sourcecode.swift; path = CPUCoresChart.swift; sourceTree = "<group>"; };
		4158C9672BF16BAA00BB318C /* DeviceUptimeChart.swift */ = {isa = PBXFileReference; lastKnownFileType = sourcecode.swift; path = DeviceUptimeChart.swift; sourceTree = "<group>"; };
		415F99452CD820B300845D15 /* SiteDataService.swift */ = {isa = PBXFileReference; lastKnownFileType = sourcecode.swift; path = SiteDataService.swift; sourceTree = "<group>"; };
		41691A762D2CD04100F8FCA3 /* SiteLeftPane.swift */ = {isa = PBXFileReference; lastKnownFileType = sourcecode.swift; path = SiteLeftPane.swift; sourceTree = "<group>"; };
		416EF8922D21E979001CD25B /* ChartDataProcessor.swift */ = {isa = PBXFileReference; lastKnownFileType = sourcecode.swift; path = ChartDataProcessor.swift; sourceTree = "<group>"; };
		41703CA22CC9D9CB00FA5C03 /* Interface.swift */ = {isa = PBXFileReference; lastKnownFileType = sourcecode.swift; path = Interface.swift; sourceTree = "<group>"; };
		4171CB842B8C38850001D252 /* SyncProvider.swift */ = {isa = PBXFileReference; lastKnownFileType = sourcecode.swift; path = SyncProvider.swift; sourceTree = "<group>"; };
		41763EDA2CB720DE005DEEFF /* StaticDevice.swift */ = {isa = PBXFileReference; lastKnownFileType = sourcecode.swift; path = StaticDevice.swift; sourceTree = "<group>"; };
		4177A5EB2CE3FF2E00A7C754 /* SyncButton.swift */ = {isa = PBXFileReference; lastKnownFileType = sourcecode.swift; path = SyncButton.swift; sourceTree = "<group>"; };
		4181FED62CBF643800E4D035 /* DeviceInRackView.swift */ = {isa = PBXFileReference; lastKnownFileType = sourcecode.swift; path = DeviceInRackView.swift; sourceTree = "<group>"; };
		4181FED82CBF644F00E4D035 /* StaticDeviceInRackView.swift */ = {isa = PBXFileReference; lastKnownFileType = sourcecode.swift; path = StaticDeviceInRackView.swift; sourceTree = "<group>"; };
		4181FEDC2CBF65F300E4D035 /* PatchPanelView.swift */ = {isa = PBXFileReference; lastKnownFileType = sourcecode.swift; path = PatchPanelView.swift; sourceTree = "<group>"; };
		4181FEDE2CBF66CD00E4D035 /* RackUnitView.swift */ = {isa = PBXFileReference; lastKnownFileType = sourcecode.swift; path = RackUnitView.swift; sourceTree = "<group>"; };
		4183714D2AD64877006E6E61 /* Item.swift */ = {isa = PBXFileReference; lastKnownFileType = sourcecode.swift; path = Item.swift; sourceTree = "<group>"; };
		418D0C712B6C737E00630E1B /* EventCounter.swift */ = {isa = PBXFileReference; lastKnownFileType = sourcecode.swift; path = EventCounter.swift; sourceTree = "<group>"; };
		419246072B6B2F380067DE98 /* ProviderModelActor.swift */ = {isa = PBXFileReference; lastKnownFileType = sourcecode.swift; path = ProviderModelActor.swift; sourceTree = "<group>"; };
		41934BAE2BC8C552007DB27A /* MemberCell.swift */ = {isa = PBXFileReference; lastKnownFileType = sourcecode.swift; path = MemberCell.swift; sourceTree = "<group>"; };
		419A0D9C2BED8A0D00FC74AF /* MapStyleButton.swift */ = {isa = PBXFileReference; lastKnownFileType = sourcecode.swift; path = MapStyleButton.swift; sourceTree = "<group>"; };
		419B02E02ADC7EF600D5FF47 /* History.swift */ = {isa = PBXFileReference; lastKnownFileType = sourcecode.swift; path = History.swift; sourceTree = "<group>"; };
		419D50F62C2221F400CEA439 /* HistoryFetcher.swift */ = {isa = PBXFileReference; lastKnownFileType = sourcecode.swift; path = HistoryFetcher.swift; sourceTree = "<group>"; };
		419D50F82C227D3600CEA439 /* SitesList.swift */ = {isa = PBXFileReference; lastKnownFileType = sourcecode.swift; path = SitesList.swift; sourceTree = "<group>"; };
		41A0BE9B2C8FBF5C00C39B50 /* SettingsView.swift */ = {isa = PBXFileReference; lastKnownFileType = sourcecode.swift; path = SettingsView.swift; sourceTree = "<group>"; };
		41A0BE9D2C8FC05200C39B50 /* Configuration.swift */ = {isa = PBXFileReference; lastKnownFileType = sourcecode.swift; path = Configuration.swift; sourceTree = "<group>"; };
		41A777CB2B7987B500A7695C /* Localizable.strings */ = {isa = PBXFileReference; lastKnownFileType = text.plist.strings; path = Localizable.strings; sourceTree = "<group>"; };
		41A898FC2CC6F7E900856329 /* DeviceBay.swift */ = {isa = PBXFileReference; lastKnownFileType = sourcecode.swift; path = DeviceBay.swift; sourceTree = "<group>"; };
		41ACDC672B72D762003027A3 /* NotificationHandler.swift */ = {isa = PBXFileReference; lastKnownFileType = sourcecode.swift; path = NotificationHandler.swift; sourceTree = "<group>"; };
		41AF55722D14B8B500072BF6 /* RequestStatusManager.swift */ = {isa = PBXFileReference; lastKnownFileType = sourcecode.swift; path = RequestStatusManager.swift; sourceTree = "<group>"; };
		41B467AF2C3C984C00B23BA8 /* DeviceBuilder.swift */ = {isa = PBXFileReference; lastKnownFileType = sourcecode.swift; path = DeviceBuilder.swift; sourceTree = "<group>"; };
		41B82EE82CACBC930019FDAD /* RackView.swift */ = {isa = PBXFileReference; lastKnownFileType = sourcecode.swift; path = RackView.swift; sourceTree = "<group>"; };
		41C7AA632ACE081A009DB9BD /* CableProperties.swift */ = {isa = PBXFileReference; lastKnownFileType = sourcecode.swift; path = CableProperties.swift; sourceTree = "<group>"; };
		41D7B54D2C28EBB600D11F4B /* UpdateParameters.swift */ = {isa = PBXFileReference; lastKnownFileType = sourcecode.swift; path = UpdateParameters.swift; sourceTree = "<group>"; };
		41D8E68B2D2B72BD002CA36D /* CredentialsTip.swift */ = {isa = PBXFileReference; lastKnownFileType = sourcecode.swift; path = CredentialsTip.swift; sourceTree = "<group>"; };
		41D8E68D2D2B76A0002CA36D /* FetchEventsTip.swift */ = {isa = PBXFileReference; lastKnownFileType = sourcecode.swift; path = FetchEventsTip.swift; sourceTree = "<group>"; };
		41DD37732D349F45009F37A0 /* TipManager.swift */ = {isa = PBXFileReference; lastKnownFileType = sourcecode.swift; path = TipManager.swift; sourceTree = "<group>"; };
		41EBAF922CC5A650006E06A5 /* ShelfView.swift */ = {isa = PBXFileReference; lastKnownFileType = sourcecode.swift; path = ShelfView.swift; sourceTree = "<group>"; };
		41FE16202C0EA8F5002BF132 /* InterfacePopover.swift */ = {isa = PBXFileReference; lastKnownFileType = sourcecode.swift; path = InterfacePopover.swift; sourceTree = "<group>"; };
		C926516F2E71AFA2004564DD /* Development.xcconfig */ = {isa = PBXFileReference; lastKnownFileType = text.xcconfig; path = Development.xcconfig; sourceTree = "<group>"; };
		C9613E7F2BDBA5A800873053 /* DeviceOverviewView.swift */ = {isa = PBXFileReference; lastKnownFileType = sourcecode.swift; path = DeviceOverviewView.swift; sourceTree = "<group>"; };
		C961915E2ACA552F000198DB /* Pulse.app */ = {isa = PBXFileReference; explicitFileType = wrapper.application; includeInIndex = 0; path = Pulse.app; sourceTree = BUILT_PRODUCTS_DIR; };
		C96191612ACA552F000198DB /* PulseApp.swift */ = {isa = PBXFileReference; lastKnownFileType = sourcecode.swift; path = PulseApp.swift; sourceTree = "<group>"; };
		C96191632ACA552F000198DB /* ContentView.swift */ = {isa = PBXFileReference; lastKnownFileType = sourcecode.swift; path = ContentView.swift; sourceTree = "<group>"; };
		C96191672ACA5530000198DB /* Assets.xcassets */ = {isa = PBXFileReference; lastKnownFileType = folder.assetcatalog; path = Assets.xcassets; sourceTree = "<group>"; };
		C96191692ACA5530000198DB /* Pulse.entitlements */ = {isa = PBXFileReference; lastKnownFileType = text.plist.entitlements; path = Pulse.entitlements; sourceTree = "<group>"; };
		C961916B2ACA5530000198DB /* Preview Assets.xcassets */ = {isa = PBXFileReference; lastKnownFileType = folder.assetcatalog; path = "Preview Assets.xcassets"; sourceTree = "<group>"; };
		C96191712ACA5530000198DB /* PulseTests.xctest */ = {isa = PBXFileReference; explicitFileType = wrapper.cfbundle; includeInIndex = 0; path = PulseTests.xctest; sourceTree = BUILT_PRODUCTS_DIR; };
		C961917B2ACA5530000198DB /* PulseUITests.xctest */ = {isa = PBXFileReference; explicitFileType = wrapper.cfbundle; includeInIndex = 0; path = PulseUITests.xctest; sourceTree = BUILT_PRODUCTS_DIR; };
		C961917F2ACA5530000198DB /* PulseUITests.swift */ = {isa = PBXFileReference; lastKnownFileType = sourcecode.swift; path = PulseUITests.swift; sourceTree = "<group>"; };
		C96191812ACA5530000198DB /* PulseUITestsLaunchTests.swift */ = {isa = PBXFileReference; lastKnownFileType = sourcecode.swift; path = PulseUITestsLaunchTests.swift; sourceTree = "<group>"; };
		C961919A2ACA56D4000198DB /* SearchBar.swift */ = {isa = PBXFileReference; lastKnownFileType = sourcecode.swift; path = SearchBar.swift; sourceTree = "<group>"; };
		C961919C2ACA56E0000198DB /* SiteRow.swift */ = {isa = PBXFileReference; lastKnownFileType = sourcecode.swift; path = SiteRow.swift; sourceTree = "<group>"; };
		C961919F2ACA5711000198DB /* Edge.swift */ = {isa = PBXFileReference; lastKnownFileType = sourcecode.swift; path = Edge.swift; sourceTree = "<group>"; };
		C96191A12ACA5721000198DB /* Device.swift */ = {isa = PBXFileReference; lastKnownFileType = sourcecode.swift; path = Device.swift; sourceTree = "<group>"; };
		C96191A32ACA572E000198DB /* DeviceRole.swift */ = {isa = PBXFileReference; lastKnownFileType = sourcecode.swift; path = DeviceRole.swift; sourceTree = "<group>"; };
		C96191A52ACA573A000198DB /* DeviceType.swift */ = {isa = PBXFileReference; lastKnownFileType = sourcecode.swift; path = DeviceType.swift; sourceTree = "<group>"; };
		C96191AD2ACA578C000198DB /* Region.swift */ = {isa = PBXFileReference; lastKnownFileType = sourcecode.swift; path = Region.swift; sourceTree = "<group>"; };
		C96191AF2ACA5794000198DB /* Site.swift */ = {isa = PBXFileReference; lastKnownFileType = sourcecode.swift; path = Site.swift; sourceTree = "<group>"; };
		C96191B12ACA57AD000198DB /* SiteGroup.swift */ = {isa = PBXFileReference; lastKnownFileType = sourcecode.swift; path = SiteGroup.swift; sourceTree = "<group>"; };
		C96191B32ACA57B9000198DB /* SwiftDataError.swift */ = {isa = PBXFileReference; lastKnownFileType = sourcecode.swift; path = SwiftDataError.swift; sourceTree = "<group>"; };
		C96191B52ACA57C5000198DB /* Tenant.swift */ = {isa = PBXFileReference; lastKnownFileType = sourcecode.swift; path = Tenant.swift; sourceTree = "<group>"; };
		C96191B72ACA57D2000198DB /* TenantGroup.swift */ = {isa = PBXFileReference; lastKnownFileType = sourcecode.swift; path = TenantGroup.swift; sourceTree = "<group>"; };
		C96191B92ACA57FC000198DB /* APIRequest.swift */ = {isa = PBXFileReference; lastKnownFileType = sourcecode.swift; path = APIRequest.swift; sourceTree = "<group>"; };
		C96191BB2ACA5808000198DB /* NetboxResource.swift */ = {isa = PBXFileReference; lastKnownFileType = sourcecode.swift; path = NetboxResource.swift; sourceTree = "<group>"; };
		C96191BD2ACA5813000198DB /* ZabbixResource.swift */ = {isa = PBXFileReference; lastKnownFileType = sourcecode.swift; path = ZabbixResource.swift; sourceTree = "<group>"; };
		C96191C22ACA5856000198DB /* AddButton.swift */ = {isa = PBXFileReference; lastKnownFileType = sourcecode.swift; path = AddButton.swift; sourceTree = "<group>"; };
		C96191C62ACA5881000198DB /* FilterButton.swift */ = {isa = PBXFileReference; lastKnownFileType = sourcecode.swift; path = FilterButton.swift; sourceTree = "<group>"; };
		C96191C82ACA58A2000198DB /* SelectButton.swift */ = {isa = PBXFileReference; lastKnownFileType = sourcecode.swift; path = SelectButton.swift; sourceTree = "<group>"; };
		C96191CC2ACA58BF000198DB /* ToolbarStatus.swift */ = {isa = PBXFileReference; lastKnownFileType = sourcecode.swift; path = ToolbarStatus.swift; sourceTree = "<group>"; };
		C96191D22ACA5A5D000198DB /* DeviceDetail.swift */ = {isa = PBXFileReference; lastKnownFileType = sourcecode.swift; path = DeviceDetail.swift; sourceTree = "<group>"; };
		C96191D42ACA5A97000198DB /* DeviceRow.swift */ = {isa = PBXFileReference; lastKnownFileType = sourcecode.swift; path = DeviceRow.swift; sourceTree = "<group>"; };
		C96191D62ACA5AB4000198DB /* DeviceView.swift */ = {isa = PBXFileReference; lastKnownFileType = sourcecode.swift; path = DeviceView.swift; sourceTree = "<group>"; };
		C96191D82ACA5B17000198DB /* EdgeLabel.swift */ = {isa = PBXFileReference; lastKnownFileType = sourcecode.swift; path = EdgeLabel.swift; sourceTree = "<group>"; };
		C96191DA2ACA5B2F000198DB /* EdgeView.swift */ = {isa = PBXFileReference; lastKnownFileType = sourcecode.swift; path = EdgeView.swift; sourceTree = "<group>"; };
		C96191DE2ACA5B62000198DB /* GridLayerView.swift */ = {isa = PBXFileReference; lastKnownFileType = sourcecode.swift; path = GridLayerView.swift; sourceTree = "<group>"; };
		C96191E22ACA5B7F000198DB /* InterfacesTable.swift */ = {isa = PBXFileReference; lastKnownFileType = sourcecode.swift; path = InterfacesTable.swift; sourceTree = "<group>"; };
		C96191E62ACA5B95000198DB /* SiteGraphView.swift */ = {isa = PBXFileReference; lastKnownFileType = sourcecode.swift; path = SiteGraphView.swift; sourceTree = "<group>"; };
		C96191E82ACA5BA3000198DB /* SiteView.swift */ = {isa = PBXFileReference; lastKnownFileType = sourcecode.swift; path = SiteView.swift; sourceTree = "<group>"; };
		C96191F12ACA5C03000198DB /* SiteGroupRow.swift */ = {isa = PBXFileReference; lastKnownFileType = sourcecode.swift; path = SiteGroupRow.swift; sourceTree = "<group>"; };
		C96191F82ACA5C44000198DB /* MapView.swift */ = {isa = PBXFileReference; lastKnownFileType = sourcecode.swift; path = MapView.swift; sourceTree = "<group>"; };
		C96192022ACA5CF8000198DB /* AcknowledgedCell.swift */ = {isa = PBXFileReference; lastKnownFileType = sourcecode.swift; path = AcknowledgedCell.swift; sourceTree = "<group>"; };
		C96192042ACA5D00000198DB /* EventModal.swift */ = {isa = PBXFileReference; lastKnownFileType = sourcecode.swift; path = EventModal.swift; sourceTree = "<group>"; };
		C96192062ACA5D0A000198DB /* EventTable.swift */ = {isa = PBXFileReference; lastKnownFileType = sourcecode.swift; path = EventTable.swift; sourceTree = "<group>"; };
		C96192082ACA5D13000198DB /* SeverityCell.swift */ = {isa = PBXFileReference; lastKnownFileType = sourcecode.swift; path = SeverityCell.swift; sourceTree = "<group>"; };
		C961920A2ACA5D1D000198DB /* StatusCell.swift */ = {isa = PBXFileReference; lastKnownFileType = sourcecode.swift; path = StatusCell.swift; sourceTree = "<group>"; };
		C961920C2ACA5D28000198DB /* TableToolbar.swift */ = {isa = PBXFileReference; lastKnownFileType = sourcecode.swift; path = TableToolbar.swift; sourceTree = "<group>"; };
		C961920E2ACA5D32000198DB /* TimeCell.swift */ = {isa = PBXFileReference; lastKnownFileType = sourcecode.swift; path = TimeCell.swift; sourceTree = "<group>"; };
		C96192102ACA5D3D000198DB /* UpdateModal.swift */ = {isa = PBXFileReference; lastKnownFileType = sourcecode.swift; path = UpdateModal.swift; sourceTree = "<group>"; };
		C962F8ED2E606BBE00B182AE /* AddSiteWindow.swift */ = {isa = PBXFileReference; lastKnownFileType = sourcecode.swift; path = AddSiteWindow.swift; sourceTree = "<group>"; };
		C96F2F942E719BBC007BADE5 /* AppConfiguration.swift */ = {isa = PBXFileReference; lastKnownFileType = sourcecode.swift; path = AppConfiguration.swift; sourceTree = "<group>"; };
		C97C4F3B2ACB7270009F3795 /* PreviewSampleData.swift */ = {isa = PBXFileReference; lastKnownFileType = sourcecode.swift; path = PreviewSampleData.swift; sourceTree = "<group>"; };
		C97C4F3D2ACB7CEC009F3795 /* PreviewTrait.swift */ = {isa = PBXFileReference; lastKnownFileType = sourcecode.swift; path = PreviewTrait.swift; sourceTree = "<group>"; };
		C9A2B32B2ACAA19D00C0BE08 /* Info.plist */ = {isa = PBXFileReference; lastKnownFileType = text.plist; path = Info.plist; sourceTree = "<group>"; };
		C9BF5DA12E5B223900FD1AC3 /* PulseAppIcon.icon */ = {isa = PBXFileReference; lastKnownFileType = folder.iconcomposer.icon; path = PulseAppIcon.icon; sourceTree = "<group>"; };
		C9FCA5162D153E4700D9E851 /* Event.swift */ = {isa = PBXFileReference; lastKnownFileType = sourcecode.swift; path = Event.swift; sourceTree = "<group>"; };
/* End PBXFileReference section */

/* Begin PBXFrameworksBuildPhase section */
		C961915B2ACA552F000198DB /* Frameworks */ = {
			isa = PBXFrameworksBuildPhase;
			buildActionMask = 2147483647;
			files = (
			);
			runOnlyForDeploymentPostprocessing = 0;
		};
		C961916E2ACA5530000198DB /* Frameworks */ = {
			isa = PBXFrameworksBuildPhase;
			buildActionMask = 2147483647;
			files = (
			);
			runOnlyForDeploymentPostprocessing = 0;
		};
		C96191782ACA5530000198DB /* Frameworks */ = {
			isa = PBXFrameworksBuildPhase;
			buildActionMask = 2147483647;
			files = (
			);
			runOnlyForDeploymentPostprocessing = 0;
		};
/* End PBXFrameworksBuildPhase section */

/* Begin PBXGroup section */
		410A5D4E2C1FD380005A073C /* iOS */ = {
			isa = PBXGroup;
			children = (
				410A5D4F2C1FD386005A073C /* Sheet Views */,
			);
			path = iOS;
			sourceTree = "<group>";
		};
		410A5D4F2C1FD386005A073C /* Sheet Views */ = {
			isa = PBXGroup;
			children = (
				410A5D502C1FD38D005A073C /* MainSheet.swift */,
				410A5D522C1FD393005A073C /* DetailSheet.swift */,
				413BEA0D2CA3B48B0051DDD2 /* MapStyleSheet.swift */,
			);
			path = "Sheet Views";
			sourceTree = "<group>";
		};
		4114A6E72BA3B77A00ABEC8C /* Problems */ = {
			isa = PBXGroup;
			children = (
				C96192022ACA5CF8000198DB /* AcknowledgedCell.swift */,
				C96192042ACA5D00000198DB /* EventModal.swift */,
				C96192062ACA5D0A000198DB /* EventTable.swift */,
				C96192082ACA5D13000198DB /* SeverityCell.swift */,
				C961920A2ACA5D1D000198DB /* StatusCell.swift */,
				C961920C2ACA5D28000198DB /* TableToolbar.swift */,
				C961920E2ACA5D32000198DB /* TimeCell.swift */,
				C96192102ACA5D3D000198DB /* UpdateModal.swift */,
			);
			path = Problems;
			sourceTree = "<group>";
		};
		4114A6EA2BA3B7E000ABEC8C /* Interfaces */ = {
			isa = PBXGroup;
			children = (
				C96191E22ACA5B7F000198DB /* InterfacesTable.swift */,
				4114A6EB2BA3B7EF00ABEC8C /* InterfaceStatusCell.swift */,
				41934BAE2BC8C552007DB27A /* MemberCell.swift */,
			);
			path = Interfaces;
			sourceTree = "<group>";
		};
		4158C9662BF16B6200BB318C /* Site View Content */ = {
			isa = PBXGroup;
			children = (
				C96191D42ACA5A97000198DB /* DeviceRow.swift */,
				4112260F2C167CAF003C6C65 /* DeviceDetails.swift */,
				4100DB8B2ADCB9510098B58C /* ItemChart.swift */,
				4158C9672BF16BAA00BB318C /* DeviceUptimeChart.swift */,
				41446D232BF40D3900EA7A14 /* CPUCoresChart.swift */,
				410A16152BFADBBB009DFEE1 /* SelectedChart.swift */,
				4122CC3A2C081B3600EEE5CA /* DeviceFaceplate.swift */,
				41FE16202C0EA8F5002BF132 /* InterfacePopover.swift */,
				41B467AF2C3C984C00B23BA8 /* DeviceBuilder.swift */,
				41691A762D2CD04100F8FCA3 /* SiteLeftPane.swift */,
			);
			path = "Site View Content";
			sourceTree = "<group>";
		};
		4181FED52CBF634D00E4D035 /* Rack Content */ = {
			isa = PBXGroup;
			children = (
				4128B0DA2CC7459000EB85D2 /* DeviceBaySlotView.swift */,
				4181FEDE2CBF66CD00E4D035 /* RackUnitView.swift */,
				4181FEDC2CBF65F300E4D035 /* PatchPanelView.swift */,
				4181FED82CBF644F00E4D035 /* StaticDeviceInRackView.swift */,
				4181FED62CBF643800E4D035 /* DeviceInRackView.swift */,
				41B82EE82CACBC930019FDAD /* RackView.swift */,
				41EBAF922CC5A650006E06A5 /* ShelfView.swift */,
			);
			path = "Rack Content";
			sourceTree = "<group>";
		};
		41A777C92B79878900A7695C /* Supporting Files */ = {
			isa = PBXGroup;
			children = (
				41A777CA2B79879700A7695C /* Resource */,
			);
			path = "Supporting Files";
			sourceTree = "<group>";
		};
		41A777CA2B79879700A7695C /* Resource */ = {
			isa = PBXGroup;
			children = (
				41A777CB2B7987B500A7695C /* Localizable.strings */,
			);
			path = Resource;
			sourceTree = "<group>";
		};
		41D8E6832D2B4238002CA36D /* Tips */ = {
			isa = PBXGroup;
			children = (
				41D8E68B2D2B72BD002CA36D /* CredentialsTip.swift */,
				41D8E68D2D2B76A0002CA36D /* FetchEventsTip.swift */,
			);
			path = Tips;
			sourceTree = "<group>";
		};
		C96191552ACA552F000198DB = {
			isa = PBXGroup;
			children = (
				C926516F2E71AFA2004564DD /* Development.xcconfig */,
				C96191602ACA552F000198DB /* Pulse */,
				C96191742ACA5530000198DB /* PulseTests */,
				C961917E2ACA5530000198DB /* PulseUITests */,
				C961915F2ACA552F000198DB /* Products */,
			);
			sourceTree = "<group>";
		};
		C961915F2ACA552F000198DB /* Products */ = {
			isa = PBXGroup;
			children = (
				C961915E2ACA552F000198DB /* Pulse.app */,
				C96191712ACA5530000198DB /* PulseTests.xctest */,
				C961917B2ACA5530000198DB /* PulseUITests.xctest */,
			);
			name = Products;
			sourceTree = "<group>";
		};
		C96191602ACA552F000198DB /* Pulse */ = {
			isa = PBXGroup;
			children = (
				41D8E6832D2B4238002CA36D /* Tips */,
				41A777C92B79878900A7695C /* Supporting Files */,
				C9A2B32B2ACAA19D00C0BE08 /* Info.plist */,
				C96191902ACA55BF000198DB /* Models */,
				C96191912ACA55CB000198DB /* Protocols */,
				C96191922ACA55DA000198DB /* Toolbar Content */,
				C96191932ACA55F4000198DB /* Views */,
				C962F8ED2E606BBE00B182AE /* AddSiteWindow.swift */,
				C96F2F942E719BBC007BADE5 /* AppConfiguration.swift */,
				C96191632ACA552F000198DB /* ContentView.swift */,
				410A560F2D0F898B00C722E3 /* SyncDashboardView.swift */,
				4107D86B2C2CD7FC00632BE4 /* ContentView+Toolbar.swift */,
				41A0BE9B2C8FBF5C00C39B50 /* SettingsView.swift */,
				C96191612ACA552F000198DB /* PulseApp.swift */,
				C96191672ACA5530000198DB /* Assets.xcassets */,
				C9BF5DA12E5B223900FD1AC3 /* PulseAppIcon.icon */,
				C96191692ACA5530000198DB /* Pulse.entitlements */,
				C961916A2ACA5530000198DB /* Preview Content */,
			);
			path = Pulse;
			sourceTree = "<group>";
		};
		C961916A2ACA5530000198DB /* Preview Content */ = {
			isa = PBXGroup;
			children = (
				C961916B2ACA5530000198DB /* Preview Assets.xcassets */,
				C97C4F3B2ACB7270009F3795 /* PreviewSampleData.swift */,
				C97C4F3D2ACB7CEC009F3795 /* PreviewTrait.swift */,
			);
			path = "Preview Content";
			sourceTree = "<group>";
		};
		C96191742ACA5530000198DB /* PulseTests */ = {
			isa = PBXGroup;
			children = (
			);
			path = PulseTests;
			sourceTree = "<group>";
		};
		C961917E2ACA5530000198DB /* PulseUITests */ = {
			isa = PBXGroup;
			children = (
				C961917F2ACA5530000198DB /* PulseUITests.swift */,
				C96191812ACA5530000198DB /* PulseUITestsLaunchTests.swift */,
			);
			path = PulseUITests;
			sourceTree = "<group>";
		};
		C96191902ACA55BF000198DB /* Models */ = {
			isa = PBXGroup;
			children = (
				C9EF519B2D3083F400D49DEA /* SwiftData Models */,
				C961919E2ACA56FB000198DB /* Graph Models */,
				4183714D2AD64877006E6E61 /* Item.swift */,
				419B02E02ADC7EF600D5FF47 /* History.swift */,
				412BAF3E2C51B7A00026BC6D /* Layout.swift */,
				C96191B32ACA57B9000198DB /* SwiftDataError.swift */,
				41C7AA632ACE081A009DB9BD /* CableProperties.swift */,
				419246072B6B2F380067DE98 /* ProviderModelActor.swift */,
				41ACDC672B72D762003027A3 /* NotificationHandler.swift */,
				419D50F62C2221F400CEA439 /* HistoryFetcher.swift */,
				41D7B54D2C28EBB600D11F4B /* UpdateParameters.swift */,
				41763EDA2CB720DE005DEEFF /* StaticDevice.swift */,
				41A898FC2CC6F7E900856329 /* DeviceBay.swift */,
				41703CA22CC9D9CB00FA5C03 /* Interface.swift */,
				415F99452CD820B300845D15 /* SiteDataService.swift */,
				416EF8922D21E979001CD25B /* ChartDataProcessor.swift */,
				41DD37732D349F45009F37A0 /* TipManager.swift */,
			);
			path = Models;
			sourceTree = "<group>";
		};
		C96191912ACA55CB000198DB /* Protocols */ = {
			isa = PBXGroup;
			children = (
				C96191B92ACA57FC000198DB /* APIRequest.swift */,
				C96191BB2ACA5808000198DB /* NetboxResource.swift */,
				C96191BD2ACA5813000198DB /* ZabbixResource.swift */,
				41A0BE9D2C8FC05200C39B50 /* Configuration.swift */,
				41AF55722D14B8B500072BF6 /* RequestStatusManager.swift */,
			);
			path = Protocols;
			sourceTree = "<group>";
		};
		C96191922ACA55DA000198DB /* Toolbar Content */ = {
			isa = PBXGroup;
			children = (
				C96191C22ACA5856000198DB /* AddButton.swift */,
				C96191C62ACA5881000198DB /* FilterButton.swift */,
				C96191C82ACA58A2000198DB /* SelectButton.swift */,
				C96191CC2ACA58BF000198DB /* ToolbarStatus.swift */,
				418D0C712B6C737E00630E1B /* EventCounter.swift */,
				419A0D9C2BED8A0D00FC74AF /* MapStyleButton.swift */,
				4107D86D2C2CD9B700632BE4 /* InvoicesButton.swift */,
				4177A5EB2CE3FF2E00A7C754 /* SyncButton.swift */,
			);
			path = "Toolbar Content";
			sourceTree = "<group>";
		};
		C96191932ACA55F4000198DB /* Views */ = {
			isa = PBXGroup;
			children = (
				4181FED52CBF634D00E4D035 /* Rack Content */,
				C96191F52ACA5C1B000198DB /* Map Views */,
				C96191992ACA56B3000198DB /* Menu Content */,
				410A5D4E2C1FD380005A073C /* iOS */,
				4158C9662BF16B6200BB318C /* Site View Content */,
				C96191D12ACA5A42000198DB /* Graph Views */,
				C96192002ACA5CC4000198DB /* Table Views */,
				C96191F12ACA5C03000198DB /* SiteGroupRow.swift */,
				419D50F82C227D3600CEA439 /* SitesList.swift */,
			);
			path = Views;
			sourceTree = "<group>";
		};
		C96191992ACA56B3000198DB /* Menu Content */ = {
			isa = PBXGroup;
			children = (
				C961919C2ACA56E0000198DB /* SiteRow.swift */,
				C961919A2ACA56D4000198DB /* SearchBar.swift */,
			);
			path = "Menu Content";
			sourceTree = "<group>";
		};
		C961919E2ACA56FB000198DB /* Graph Models */ = {
			isa = PBXGroup;
			children = (
				C961919F2ACA5711000198DB /* Edge.swift */,
			);
			path = "Graph Models";
			sourceTree = "<group>";
		};
		C96191D12ACA5A42000198DB /* Graph Views */ = {
			isa = PBXGroup;
			children = (
				C96191D22ACA5A5D000198DB /* DeviceDetail.swift */,
				C96191D62ACA5AB4000198DB /* DeviceView.swift */,
				C96191D82ACA5B17000198DB /* EdgeLabel.swift */,
				C96191DE2ACA5B62000198DB /* GridLayerView.swift */,
				C9613E7F2BDBA5A800873053 /* DeviceOverviewView.swift */,
				C96191E62ACA5B95000198DB /* SiteGraphView.swift */,
				C96191DA2ACA5B2F000198DB /* EdgeView.swift */,
				C96191E82ACA5BA3000198DB /* SiteView.swift */,
				411BE6582CA0E1B2008272D6 /* DeviceChartSelector.swift */,
				410F37252CAB5938008236ED /* DeviceDetailsPanelView.swift */,
			);
			path = "Graph Views";
			sourceTree = "<group>";
		};
		C96191F52ACA5C1B000198DB /* Map Views */ = {
			isa = PBXGroup;
			children = (
				C96191F82ACA5C44000198DB /* MapView.swift */,
				4138F99B2C33A1E600FEA28E /* AnnotationView.swift */,
				413BEA0B2CA38E3F0051DDD2 /* OverlayItemStyle.swift */,
			);
			path = "Map Views";
			sourceTree = "<group>";
		};
		C96192002ACA5CC4000198DB /* Table Views */ = {
			isa = PBXGroup;
			children = (
				4114A6EA2BA3B7E000ABEC8C /* Interfaces */,
				4114A6E72BA3B77A00ABEC8C /* Problems */,
			);
			path = "Table Views";
			sourceTree = "<group>";
		};
		C9EF519B2D3083F400D49DEA /* SwiftData Models */ = {
			isa = PBXGroup;
			children = (
				C96191AD2ACA578C000198DB /* Region.swift */,
				C96191A12ACA5721000198DB /* Device.swift */,
				C96191A32ACA572E000198DB /* DeviceRole.swift */,
				C96191A52ACA573A000198DB /* DeviceType.swift */,
				C96191B52ACA57C5000198DB /* Tenant.swift */,
				C96191B72ACA57D2000198DB /* TenantGroup.swift */,
				410F37292CABA58B008236ED /* Rack.swift */,
				4171CB842B8C38850001D252 /* SyncProvider.swift */,
				C96191AF2ACA5794000198DB /* Site.swift */,
				C9FCA5162D153E4700D9E851 /* Event.swift */,
				C96191B12ACA57AD000198DB /* SiteGroup.swift */,
			);
			path = "SwiftData Models";
			sourceTree = "<group>";
		};
/* End PBXGroup section */

/* Begin PBXNativeTarget section */
		C961915D2ACA552F000198DB /* Pulse */ = {
			isa = PBXNativeTarget;
			buildConfigurationList = C96191852ACA5530000198DB /* Build configuration list for PBXNativeTarget "Pulse" */;
			buildPhases = (
				C961915A2ACA552F000198DB /* Sources */,
				C961915B2ACA552F000198DB /* Frameworks */,
				C961915C2ACA552F000198DB /* Resources */,
			);
			buildRules = (
			);
			dependencies = (
			);
			name = Pulse;
			productName = Pulse;
			productReference = C961915E2ACA552F000198DB /* Pulse.app */;
			productType = "com.apple.product-type.application";
		};
		C96191702ACA5530000198DB /* PulseTests */ = {
			isa = PBXNativeTarget;
			buildConfigurationList = C96191882ACA5530000198DB /* Build configuration list for PBXNativeTarget "PulseTests" */;
			buildPhases = (
				C961916D2ACA5530000198DB /* Sources */,
				C961916E2ACA5530000198DB /* Frameworks */,
				C961916F2ACA5530000198DB /* Resources */,
			);
			buildRules = (
			);
			dependencies = (
				C96191732ACA5530000198DB /* PBXTargetDependency */,
			);
			name = PulseTests;
			productName = PulseTests;
			productReference = C96191712ACA5530000198DB /* PulseTests.xctest */;
			productType = "com.apple.product-type.bundle.unit-test";
		};
		C961917A2ACA5530000198DB /* PulseUITests */ = {
			isa = PBXNativeTarget;
			buildConfigurationList = C961918B2ACA5530000198DB /* Build configuration list for PBXNativeTarget "PulseUITests" */;
			buildPhases = (
				C96191772ACA5530000198DB /* Sources */,
				C96191782ACA5530000198DB /* Frameworks */,
				C96191792ACA5530000198DB /* Resources */,
			);
			buildRules = (
			);
			dependencies = (
				C961917D2ACA5530000198DB /* PBXTargetDependency */,
			);
			name = PulseUITests;
			productName = PulseUITests;
			productReference = C961917B2ACA5530000198DB /* PulseUITests.xctest */;
			productType = "com.apple.product-type.bundle.ui-testing";
		};
/* End PBXNativeTarget section */

/* Begin PBXProject section */
		C96191562ACA552F000198DB /* Project object */ = {
			isa = PBXProject;
			attributes = {
				BuildIndependentTargetsInParallel = 1;
				LastSwiftUpdateCheck = 1500;
				LastUpgradeCheck = 2600;
				TargetAttributes = {
					C961915D2ACA552F000198DB = {
						CreatedOnToolsVersion = 15.0;
					};
					C96191702ACA5530000198DB = {
						CreatedOnToolsVersion = 15.0;
						TestTargetID = C961915D2ACA552F000198DB;
					};
					C961917A2ACA5530000198DB = {
						CreatedOnToolsVersion = 15.0;
						TestTargetID = C961915D2ACA552F000198DB;
					};
				};
			};
			buildConfigurationList = C96191592ACA552F000198DB /* Build configuration list for PBXProject "Pulse" */;
			compatibilityVersion = "Xcode 14.0";
			developmentRegion = en;
			hasScannedForEncodings = 0;
			knownRegions = (
				en,
				Base,
			);
			mainGroup = C96191552ACA552F000198DB;
			packageReferences = (
			);
			productRefGroup = C961915F2ACA552F000198DB /* Products */;
			projectDirPath = "";
			projectRoot = "";
			targets = (
				C961915D2ACA552F000198DB /* Pulse */,
				C96191702ACA5530000198DB /* PulseTests */,
				C961917A2ACA5530000198DB /* PulseUITests */,
			);
		};
/* End PBXProject section */

/* Begin PBXResourcesBuildPhase section */
		C961915C2ACA552F000198DB /* Resources */ = {
			isa = PBXResourcesBuildPhase;
			buildActionMask = 2147483647;
			files = (
				C961916C2ACA5530000198DB /* Preview Assets.xcassets in Resources */,
				41A777CC2B7987B500A7695C /* Localizable.strings in Resources */,
				C96191682ACA5530000198DB /* Assets.xcassets in Resources */,
				C9BF5DA22E5B223900FD1AC3 /* PulseAppIcon.icon in Resources */,
			);
			runOnlyForDeploymentPostprocessing = 0;
		};
		C961916F2ACA5530000198DB /* Resources */ = {
			isa = PBXResourcesBuildPhase;
			buildActionMask = 2147483647;
			files = (
			);
			runOnlyForDeploymentPostprocessing = 0;
		};
		C96191792ACA5530000198DB /* Resources */ = {
			isa = PBXResourcesBuildPhase;
			buildActionMask = 2147483647;
			files = (
			);
			runOnlyForDeploymentPostprocessing = 0;
		};
/* End PBXResourcesBuildPhase section */

/* Begin PBXSourcesBuildPhase section */
		C961915A2ACA552F000198DB /* Sources */ = {
			isa = PBXSourcesBuildPhase;
			buildActionMask = 2147483647;
			files = (
				4181FEDF2CBF66CF00E4D035 /* RackUnitView.swift in Sources */,
				C96191642ACA552F000198DB /* ContentView.swift in Sources */,
				C96191DB2ACA5B2F000198DB /* EdgeView.swift in Sources */,
				41D8E68E2D2B76A0002CA36D /* FetchEventsTip.swift in Sources */,
				C96191DF2ACA5B62000198DB /* GridLayerView.swift in Sources */,
				C96191F22ACA5C03000198DB /* SiteGroupRow.swift in Sources */,
				41A0BE9C2C8FBF5C00C39B50 /* SettingsView.swift in Sources */,
				C96191B02ACA5794000198DB /* Site.swift in Sources */,
				4107D86E2C2CD9B700632BE4 /* InvoicesButton.swift in Sources */,
				419246082B6B2F380067DE98 /* ProviderModelActor.swift in Sources */,
				C96192072ACA5D0A000198DB /* EventTable.swift in Sources */,
				412BAF3F2C51B7A00026BC6D /* Layout.swift in Sources */,
				C96192112ACA5D3D000198DB /* UpdateModal.swift in Sources */,
				419D50F72C2221F400CEA439 /* HistoryFetcher.swift in Sources */,
				C961920F2ACA5D32000198DB /* TimeCell.swift in Sources */,
				C96191A02ACA5711000198DB /* Edge.swift in Sources */,
				C961919B2ACA56D4000198DB /* SearchBar.swift in Sources */,
				411226102C167CAF003C6C65 /* DeviceDetails.swift in Sources */,
				410A5D532C1FD393005A073C /* DetailSheet.swift in Sources */,
				C96192092ACA5D13000198DB /* SeverityCell.swift in Sources */,
				C96191622ACA552F000198DB /* PulseApp.swift in Sources */,
				4181FED72CBF643A00E4D035 /* DeviceInRackView.swift in Sources */,
				410A56102D0F898B00C722E3 /* SyncDashboardView.swift in Sources */,
				C96191BE2ACA5813000198DB /* ZabbixResource.swift in Sources */,
				C96191C72ACA5881000198DB /* FilterButton.swift in Sources */,
				41FE16212C0EA8F5002BF132 /* InterfacePopover.swift in Sources */,
				C96191B62ACA57C5000198DB /* Tenant.swift in Sources */,
				C96F2F952E719BC2007BADE5 /* AppConfiguration.swift in Sources */,
				C96191B82ACA57D2000198DB /* TenantGroup.swift in Sources */,
				4171CB852B8C38850001D252 /* SyncProvider.swift in Sources */,
				C96192032ACA5CF8000198DB /* AcknowledgedCell.swift in Sources */,
				416EF8932D21E979001CD25B /* ChartDataProcessor.swift in Sources */,
				C961920B2ACA5D1D000198DB /* StatusCell.swift in Sources */,
				C96191E32ACA5B7F000198DB /* InterfacesTable.swift in Sources */,
				4128B0DB2CC7459500EB85D2 /* DeviceBaySlotView.swift in Sources */,
				C96191BC2ACA5808000198DB /* NetboxResource.swift in Sources */,
				41EBAF932CC5A650006E06A5 /* ShelfView.swift in Sources */,
				C96191D72ACA5AB4000198DB /* DeviceView.swift in Sources */,
				41446D242BF40D3900EA7A14 /* CPUCoresChart.swift in Sources */,
				C96191E92ACA5BA3000198DB /* SiteView.swift in Sources */,
				410A5D512C1FD38D005A073C /* MainSheet.swift in Sources */,
				411BE6592CA0E1B2008272D6 /* DeviceChartSelector.swift in Sources */,
				41AF55732D14B8B500072BF6 /* RequestStatusManager.swift in Sources */,
				4181FEDD2CBF65F500E4D035 /* PatchPanelView.swift in Sources */,
				4158C9682BF16BAA00BB318C /* DeviceUptimeChart.swift in Sources */,
				4100DB8C2ADCB9510098B58C /* ItemChart.swift in Sources */,
				41DD37742D349F45009F37A0 /* TipManager.swift in Sources */,
				C96191D52ACA5A97000198DB /* DeviceRow.swift in Sources */,
				419B02E12ADC7EF600D5FF47 /* History.swift in Sources */,
				C97C4F3C2ACB7270009F3795 /* PreviewSampleData.swift in Sources */,
				C96191D32ACA5A5D000198DB /* DeviceDetail.swift in Sources */,
				C961919D2ACA56E0000198DB /* SiteRow.swift in Sources */,
				C96191C32ACA5856000198DB /* AddButton.swift in Sources */,
				413BEA0C2CA38E3F0051DDD2 /* OverlayItemStyle.swift in Sources */,
				C96191CE2ACA58C7000198DB /* ToolbarStatus.swift in Sources */,
				41A0BE9E2C8FC05200C39B50 /* Configuration.swift in Sources */,
				410F37262CAB5938008236ED /* DeviceDetailsPanelView.swift in Sources */,
				419A0D9D2BED8A0D00FC74AF /* MapStyleButton.swift in Sources */,
				4122CC3B2C081B3600EEE5CA /* DeviceFaceplate.swift in Sources */,
				C96191C92ACA58A2000198DB /* SelectButton.swift in Sources */,
				C961920D2ACA5D28000198DB /* TableToolbar.swift in Sources */,
				C96191B42ACA57B9000198DB /* SwiftDataError.swift in Sources */,
				41703CA32CC9D9CB00FA5C03 /* Interface.swift in Sources */,
				4138F99C2C33A1E600FEA28E /* AnnotationView.swift in Sources */,
				4181FED92CBF645700E4D035 /* StaticDeviceInRackView.swift in Sources */,
				4183714E2AD64877006E6E61 /* Item.swift in Sources */,
				413BEA0E2CA3B48B0051DDD2 /* MapStyleSheet.swift in Sources */,
				C96191E72ACA5B95000198DB /* SiteGraphView.swift in Sources */,
				41A898FD2CC6F7E900856329 /* DeviceBay.swift in Sources */,
				410A16162BFADBBB009DFEE1 /* SelectedChart.swift in Sources */,
				C96191A42ACA572E000198DB /* DeviceRole.swift in Sources */,
				41D7B54E2C28EBB600D11F4B /* UpdateParameters.swift in Sources */,
				4114A6EC2BA3B7EF00ABEC8C /* InterfaceStatusCell.swift in Sources */,
				C97C4F3E2ACB7CEC009F3795 /* PreviewTrait.swift in Sources */,
				41ACDC682B72D762003027A3 /* NotificationHandler.swift in Sources */,
				41C7AA642ACE081A009DB9BD /* CableProperties.swift in Sources */,
				C96191B22ACA57AD000198DB /* SiteGroup.swift in Sources */,
				C962F8EE2E606BBE00B182AE /* AddSiteWindow.swift in Sources */,
				C96191F92ACA5C44000198DB /* MapView.swift in Sources */,
				C96191AE2ACA578C000198DB /* Region.swift in Sources */,
				419D50F92C227D3600CEA439 /* SitesList.swift in Sources */,
				41691A772D2CD04100F8FCA3 /* SiteLeftPane.swift in Sources */,
				418D0C722B6C737E00630E1B /* EventCounter.swift in Sources */,
				4107D86C2C2CD7FC00632BE4 /* ContentView+Toolbar.swift in Sources */,
				41D8E68C2D2B72BD002CA36D /* CredentialsTip.swift in Sources */,
				41B82EE92CACBC930019FDAD /* RackView.swift in Sources */,
				410F372A2CABA58B008236ED /* Rack.swift in Sources */,
				415F99462CD820B300845D15 /* SiteDataService.swift in Sources */,
				41B467B02C3C984C00B23BA8 /* DeviceBuilder.swift in Sources */,
				41934BAF2BC8C552007DB27A /* MemberCell.swift in Sources */,
				41763EDB2CB720DE005DEEFF /* StaticDevice.swift in Sources */,
				C9613E802BDBA5A800873053 /* DeviceOverviewView.swift in Sources */,
				C96191A22ACA5721000198DB /* Device.swift in Sources */,
				C96191D92ACA5B17000198DB /* EdgeLabel.swift in Sources */,
				4177A5EC2CE3FF2E00A7C754 /* SyncButton.swift in Sources */,
				C96192052ACA5D00000198DB /* EventModal.swift in Sources */,
				C96191BA2ACA57FC000198DB /* APIRequest.swift in Sources */,
				C96191A62ACA573A000198DB /* DeviceType.swift in Sources */,
				C9FCA5172D153E4D00D9E851 /* Event.swift in Sources */,
			);
			runOnlyForDeploymentPostprocessing = 0;
		};
		C961916D2ACA5530000198DB /* Sources */ = {
			isa = PBXSourcesBuildPhase;
			buildActionMask = 2147483647;
			files = (
			);
			runOnlyForDeploymentPostprocessing = 0;
		};
		C96191772ACA5530000198DB /* Sources */ = {
			isa = PBXSourcesBuildPhase;
			buildActionMask = 2147483647;
			files = (
				C96191822ACA5530000198DB /* PulseUITestsLaunchTests.swift in Sources */,
				C96191802ACA5530000198DB /* PulseUITests.swift in Sources */,
			);
			runOnlyForDeploymentPostprocessing = 0;
		};
/* End PBXSourcesBuildPhase section */

/* Begin PBXTargetDependency section */
		C96191732ACA5530000198DB /* PBXTargetDependency */ = {
			isa = PBXTargetDependency;
			target = C961915D2ACA552F000198DB /* Pulse */;
			targetProxy = C96191722ACA5530000198DB /* PBXContainerItemProxy */;
		};
		C961917D2ACA5530000198DB /* PBXTargetDependency */ = {
			isa = PBXTargetDependency;
			target = C961915D2ACA552F000198DB /* Pulse */;
			targetProxy = C961917C2ACA5530000198DB /* PBXContainerItemProxy */;
		};
/* End PBXTargetDependency section */

/* Begin XCBuildConfiguration section */
		C96191832ACA5530000198DB /* Debug */ = {
			isa = XCBuildConfiguration;
			baseConfigurationReference = C926516F2E71AFA2004564DD /* Development.xcconfig */;
			buildSettings = {
				ALWAYS_SEARCH_USER_PATHS = NO;
				ASSETCATALOG_COMPILER_APPICON_NAME = PulseAppIcon/;
				ASSETCATALOG_COMPILER_GENERATE_SWIFT_ASSET_SYMBOL_EXTENSIONS = YES;
				ASSETCATALOG_COMPILER_INCLUDE_ALL_APPICON_ASSETS = YES;
				CLANG_ANALYZER_NONNULL = YES;
				CLANG_ANALYZER_NUMBER_OBJECT_CONVERSION = YES_AGGRESSIVE;
				CLANG_CXX_LANGUAGE_STANDARD = "gnu++20";
				CLANG_ENABLE_MODULES = YES;
				CLANG_ENABLE_OBJC_ARC = YES;
				CLANG_ENABLE_OBJC_WEAK = YES;
				CLANG_WARN_BLOCK_CAPTURE_AUTORELEASING = YES;
				CLANG_WARN_BOOL_CONVERSION = YES;
				CLANG_WARN_COMMA = YES;
				CLANG_WARN_CONSTANT_CONVERSION = YES;
				CLANG_WARN_DEPRECATED_OBJC_IMPLEMENTATIONS = YES;
				CLANG_WARN_DIRECT_OBJC_ISA_USAGE = YES_ERROR;
				CLANG_WARN_DOCUMENTATION_COMMENTS = YES;
				CLANG_WARN_EMPTY_BODY = YES;
				CLANG_WARN_ENUM_CONVERSION = YES;
				CLANG_WARN_INFINITE_RECURSION = YES;
				CLANG_WARN_INT_CONVERSION = YES;
				CLANG_WARN_NON_LITERAL_NULL_CONVERSION = YES;
				CLANG_WARN_OBJC_IMPLICIT_RETAIN_SELF = YES;
				CLANG_WARN_OBJC_LITERAL_CONVERSION = YES;
				CLANG_WARN_OBJC_ROOT_CLASS = YES_ERROR;
				CLANG_WARN_QUOTED_INCLUDE_IN_FRAMEWORK_HEADER = YES;
				CLANG_WARN_RANGE_LOOP_ANALYSIS = YES;
				CLANG_WARN_STRICT_PROTOTYPES = YES;
				CLANG_WARN_SUSPICIOUS_MOVE = YES;
				CLANG_WARN_UNGUARDED_AVAILABILITY = YES_AGGRESSIVE;
				CLANG_WARN_UNREACHABLE_CODE = YES;
				CLANG_WARN__DUPLICATE_METHOD_MATCH = YES;
				CLOUDKIT_CONTAINER_ID = "$(CLOUDKIT_CONTAINER_ID)";
				COPY_PHASE_STRIP = NO;
				DEAD_CODE_STRIPPING = YES;
				DEBUG_INFORMATION_FORMAT = dwarf;
				DEVELOPMENT_TEAM = "$(DEVELOPMENT_TEAM)";
				ENABLE_STRICT_OBJC_MSGSEND = YES;
				ENABLE_TESTABILITY = YES;
				ENABLE_USER_SCRIPT_SANDBOXING = YES;
				GCC_C_LANGUAGE_STANDARD = gnu17;
				GCC_DYNAMIC_NO_PIC = NO;
				GCC_NO_COMMON_BLOCKS = YES;
				GCC_OPTIMIZATION_LEVEL = 0;
				GCC_PREPROCESSOR_DEFINITIONS = (
					"DEBUG=1",
					"$(inherited)",
				);
				GCC_WARN_64_TO_32_BIT_CONVERSION = YES;
				GCC_WARN_ABOUT_RETURN_TYPE = YES_ERROR;
				GCC_WARN_UNDECLARED_SELECTOR = YES;
				GCC_WARN_UNINITIALIZED_AUTOS = YES_AGGRESSIVE;
				GCC_WARN_UNUSED_FUNCTION = YES;
				GCC_WARN_UNUSED_VARIABLE = YES;
				LOCALIZATION_PREFERS_STRING_CATALOGS = YES;
				MACOSX_DEPLOYMENT_TARGET = 26.0;
				MTL_ENABLE_DEBUG_INFO = INCLUDE_SOURCE;
				MTL_FAST_MATH = YES;
				ONLY_ACTIVE_ARCH = YES;
				STRING_CATALOG_GENERATE_SYMBOLS = YES;
				SWIFT_ACTIVE_COMPILATION_CONDITIONS = "DEBUG $(inherited)";
				SWIFT_OPTIMIZATION_LEVEL = "-Onone";
			};
			name = Debug;
		};
		C96191842ACA5530000198DB /* Release */ = {
			isa = XCBuildConfiguration;
			baseConfigurationReference = C926516F2E71AFA2004564DD /* Development.xcconfig */;
			buildSettings = {
				ALWAYS_SEARCH_USER_PATHS = NO;
				ASSETCATALOG_COMPILER_APPICON_NAME = PulseAppIcon/;
				ASSETCATALOG_COMPILER_GENERATE_SWIFT_ASSET_SYMBOL_EXTENSIONS = YES;
				ASSETCATALOG_COMPILER_INCLUDE_ALL_APPICON_ASSETS = YES;
				CLANG_ANALYZER_NONNULL = YES;
				CLANG_ANALYZER_NUMBER_OBJECT_CONVERSION = YES_AGGRESSIVE;
				CLANG_CXX_LANGUAGE_STANDARD = "gnu++20";
				CLANG_ENABLE_MODULES = YES;
				CLANG_ENABLE_OBJC_ARC = YES;
				CLANG_ENABLE_OBJC_WEAK = YES;
				CLANG_WARN_BLOCK_CAPTURE_AUTORELEASING = YES;
				CLANG_WARN_BOOL_CONVERSION = YES;
				CLANG_WARN_COMMA = YES;
				CLANG_WARN_CONSTANT_CONVERSION = YES;
				CLANG_WARN_DEPRECATED_OBJC_IMPLEMENTATIONS = YES;
				CLANG_WARN_DIRECT_OBJC_ISA_USAGE = YES_ERROR;
				CLANG_WARN_DOCUMENTATION_COMMENTS = YES;
				CLANG_WARN_EMPTY_BODY = YES;
				CLANG_WARN_ENUM_CONVERSION = YES;
				CLANG_WARN_INFINITE_RECURSION = YES;
				CLANG_WARN_INT_CONVERSION = YES;
				CLANG_WARN_NON_LITERAL_NULL_CONVERSION = YES;
				CLANG_WARN_OBJC_IMPLICIT_RETAIN_SELF = YES;
				CLANG_WARN_OBJC_LITERAL_CONVERSION = YES;
				CLANG_WARN_OBJC_ROOT_CLASS = YES_ERROR;
				CLANG_WARN_QUOTED_INCLUDE_IN_FRAMEWORK_HEADER = YES;
				CLANG_WARN_RANGE_LOOP_ANALYSIS = YES;
				CLANG_WARN_STRICT_PROTOTYPES = YES;
				CLANG_WARN_SUSPICIOUS_MOVE = YES;
				CLANG_WARN_UNGUARDED_AVAILABILITY = YES_AGGRESSIVE;
				CLANG_WARN_UNREACHABLE_CODE = YES;
				CLANG_WARN__DUPLICATE_METHOD_MATCH = YES;
				CLOUDKIT_CONTAINER_ID = "$(CLOUDKIT_CONTAINER_ID)";
				COPY_PHASE_STRIP = NO;
				DEAD_CODE_STRIPPING = YES;
				DEBUG_INFORMATION_FORMAT = "dwarf-with-dsym";
				DEVELOPMENT_TEAM = "$(DEVELOPMENT_TEAM)";
				ENABLE_NS_ASSERTIONS = NO;
				ENABLE_STRICT_OBJC_MSGSEND = YES;
				ENABLE_USER_SCRIPT_SANDBOXING = YES;
				GCC_C_LANGUAGE_STANDARD = gnu17;
				GCC_NO_COMMON_BLOCKS = YES;
				GCC_WARN_64_TO_32_BIT_CONVERSION = YES;
				GCC_WARN_ABOUT_RETURN_TYPE = YES_ERROR;
				GCC_WARN_UNDECLARED_SELECTOR = YES;
				GCC_WARN_UNINITIALIZED_AUTOS = YES_AGGRESSIVE;
				GCC_WARN_UNUSED_FUNCTION = YES;
				GCC_WARN_UNUSED_VARIABLE = YES;
				LOCALIZATION_PREFERS_STRING_CATALOGS = YES;
				MACOSX_DEPLOYMENT_TARGET = 26.0;
				MTL_ENABLE_DEBUG_INFO = NO;
				MTL_FAST_MATH = YES;
				STRING_CATALOG_GENERATE_SYMBOLS = YES;
				SWIFT_COMPILATION_MODE = wholemodule;
			};
			name = Release;
		};
		C96191862ACA5530000198DB /* Debug */ = {
			isa = XCBuildConfiguration;
			buildSettings = {
				ALLOW_TARGET_PLATFORM_SPECIALIZATION = YES;
				ASSETCATALOG_COMPILER_APPICON_NAME = PulseAppIcon;
				ASSETCATALOG_COMPILER_GLOBAL_ACCENT_COLOR_NAME = AccentColor;
				ASSETCATALOG_COMPILER_INCLUDE_ALL_APPICON_ASSETS = YES;
				CODE_SIGN_ENTITLEMENTS = Pulse/Pulse.entitlements;
				CODE_SIGN_STYLE = Automatic;
				CURRENT_PROJECT_VERSION = 6;
				DEAD_CODE_STRIPPING = YES;
				DEVELOPMENT_ASSET_PATHS = "\"Pulse/Preview Content\"";
				DEVELOPMENT_TEAM = "$(DEVELOPMENT_TEAM)";
				ENABLE_APP_SANDBOX = YES;
				ENABLE_HARDENED_RUNTIME = YES;
				ENABLE_INCOMING_NETWORK_CONNECTIONS = YES;
				ENABLE_OUTGOING_NETWORK_CONNECTIONS = YES;
				ENABLE_PREVIEWS = YES;
				ENABLE_RESOURCE_ACCESS_AUDIO_INPUT = NO;
				ENABLE_RESOURCE_ACCESS_BLUETOOTH = NO;
				ENABLE_RESOURCE_ACCESS_CALENDARS = NO;
				ENABLE_RESOURCE_ACCESS_CAMERA = NO;
				ENABLE_RESOURCE_ACCESS_CONTACTS = NO;
				ENABLE_RESOURCE_ACCESS_LOCATION = NO;
				ENABLE_RESOURCE_ACCESS_PRINTING = NO;
				ENABLE_RESOURCE_ACCESS_USB = NO;
				ENABLE_USER_SELECTED_FILES = readonly;
				GCC_OPTIMIZATION_LEVEL = 0;
				GENERATE_INFOPLIST_FILE = YES;
				INFOPLIST_FILE = Pulse/Info.plist;
				INFOPLIST_KEY_CFBundleDisplayName = Pulse;
				INFOPLIST_KEY_LSApplicationCategoryType = "public.app-category.business";
				"INFOPLIST_KEY_UIApplicationSceneManifest_Generation[sdk=iphoneos*]" = YES;
				"INFOPLIST_KEY_UIApplicationSceneManifest_Generation[sdk=iphonesimulator*]" = YES;
				"INFOPLIST_KEY_UIApplicationSupportsIndirectInputEvents[sdk=iphoneos*]" = YES;
				"INFOPLIST_KEY_UIApplicationSupportsIndirectInputEvents[sdk=iphonesimulator*]" = YES;
				"INFOPLIST_KEY_UILaunchScreen_Generation[sdk=iphoneos*]" = YES;
				"INFOPLIST_KEY_UILaunchScreen_Generation[sdk=iphonesimulator*]" = YES;
				"INFOPLIST_KEY_UIStatusBarStyle[sdk=iphoneos*]" = UIStatusBarStyleDefault;
				"INFOPLIST_KEY_UIStatusBarStyle[sdk=iphonesimulator*]" = UIStatusBarStyleDefault;
				INFOPLIST_KEY_UISupportedInterfaceOrientations_iPad = "UIInterfaceOrientationPortrait UIInterfaceOrientationPortraitUpsideDown UIInterfaceOrientationLandscapeLeft UIInterfaceOrientationLandscapeRight";
				INFOPLIST_KEY_UISupportedInterfaceOrientations_iPhone = "UIInterfaceOrientationPortrait UIInterfaceOrientationLandscapeLeft UIInterfaceOrientationLandscapeRight";
				IPHONEOS_DEPLOYMENT_TARGET = 18.6;
				LD_RUNPATH_SEARCH_PATHS = "@executable_path/Frameworks";
				"LD_RUNPATH_SEARCH_PATHS[sdk=macosx*]" = "@executable_path/../Frameworks";
				MACOSX_DEPLOYMENT_TARGET = 26.0;
				MARKETING_VERSION = 1.1;
				PRODUCT_BUNDLE_IDENTIFIER = "$(BUNDLE_IDENTIFIER)";
				PRODUCT_NAME = "$(TARGET_NAME)";
				SDKROOT = auto;
				SUPPORTED_PLATFORMS = "iphoneos iphonesimulator macosx";
				SUPPORTS_MACCATALYST = NO;
				SUPPORTS_MAC_DESIGNED_FOR_IPHONE_IPAD = NO;
				SWIFT_EMIT_LOC_STRINGS = YES;
				SWIFT_OPTIMIZATION_LEVEL = "-Onone";
				SWIFT_STRICT_CONCURRENCY = complete;
				SWIFT_UPCOMING_FEATURE_EXISTENTIAL_ANY = NO;
				SWIFT_UPCOMING_FEATURE_INTERNAL_IMPORTS_BY_DEFAULT = YES;
				SWIFT_UPCOMING_FEATURE_NONISOLATED_NONSENDING_BY_DEFAULT = NO;
				SWIFT_VERSION = 6.0;
				TARGETED_DEVICE_FAMILY = "1,2";
			};
			name = Debug;
		};
		C96191872ACA5530000198DB /* Release */ = {
			isa = XCBuildConfiguration;
			buildSettings = {
				ALLOW_TARGET_PLATFORM_SPECIALIZATION = YES;
				ASSETCATALOG_COMPILER_APPICON_NAME = PulseAppIcon;
				ASSETCATALOG_COMPILER_GLOBAL_ACCENT_COLOR_NAME = AccentColor;
				ASSETCATALOG_COMPILER_INCLUDE_ALL_APPICON_ASSETS = YES;
				CODE_SIGN_ENTITLEMENTS = Pulse/Pulse.entitlements;
				CODE_SIGN_STYLE = Automatic;
				CURRENT_PROJECT_VERSION = 6;
				DEAD_CODE_STRIPPING = YES;
				DEVELOPMENT_ASSET_PATHS = "\"Pulse/Preview Content\"";
				DEVELOPMENT_TEAM = "$(DEVELOPMENT_TEAM)";
				ENABLE_APP_SANDBOX = YES;
				ENABLE_HARDENED_RUNTIME = YES;
				ENABLE_INCOMING_NETWORK_CONNECTIONS = YES;
				ENABLE_OUTGOING_NETWORK_CONNECTIONS = YES;
				ENABLE_PREVIEWS = YES;
				ENABLE_RESOURCE_ACCESS_AUDIO_INPUT = NO;
				ENABLE_RESOURCE_ACCESS_BLUETOOTH = NO;
				ENABLE_RESOURCE_ACCESS_CALENDARS = NO;
				ENABLE_RESOURCE_ACCESS_CAMERA = NO;
				ENABLE_RESOURCE_ACCESS_CONTACTS = NO;
				ENABLE_RESOURCE_ACCESS_LOCATION = NO;
				ENABLE_RESOURCE_ACCESS_PRINTING = NO;
				ENABLE_RESOURCE_ACCESS_USB = NO;
				ENABLE_USER_SELECTED_FILES = readonly;
				GENERATE_INFOPLIST_FILE = YES;
				INFOPLIST_FILE = Pulse/Info.plist;
				INFOPLIST_KEY_CFBundleDisplayName = Pulse;
				INFOPLIST_KEY_LSApplicationCategoryType = "public.app-category.business";
				"INFOPLIST_KEY_UIApplicationSceneManifest_Generation[sdk=iphoneos*]" = YES;
				"INFOPLIST_KEY_UIApplicationSceneManifest_Generation[sdk=iphonesimulator*]" = YES;
				"INFOPLIST_KEY_UIApplicationSupportsIndirectInputEvents[sdk=iphoneos*]" = YES;
				"INFOPLIST_KEY_UIApplicationSupportsIndirectInputEvents[sdk=iphonesimulator*]" = YES;
				"INFOPLIST_KEY_UILaunchScreen_Generation[sdk=iphoneos*]" = YES;
				"INFOPLIST_KEY_UILaunchScreen_Generation[sdk=iphonesimulator*]" = YES;
				"INFOPLIST_KEY_UIStatusBarStyle[sdk=iphoneos*]" = UIStatusBarStyleDefault;
				"INFOPLIST_KEY_UIStatusBarStyle[sdk=iphonesimulator*]" = UIStatusBarStyleDefault;
				INFOPLIST_KEY_UISupportedInterfaceOrientations_iPad = "UIInterfaceOrientationPortrait UIInterfaceOrientationPortraitUpsideDown UIInterfaceOrientationLandscapeLeft UIInterfaceOrientationLandscapeRight";
				INFOPLIST_KEY_UISupportedInterfaceOrientations_iPhone = "UIInterfaceOrientationPortrait UIInterfaceOrientationLandscapeLeft UIInterfaceOrientationLandscapeRight";
				IPHONEOS_DEPLOYMENT_TARGET = 18.6;
				LD_RUNPATH_SEARCH_PATHS = "@executable_path/Frameworks";
				"LD_RUNPATH_SEARCH_PATHS[sdk=macosx*]" = "@executable_path/../Frameworks";
				MACOSX_DEPLOYMENT_TARGET = 26.0;
				MARKETING_VERSION = 1.1;
				PRODUCT_BUNDLE_IDENTIFIER = "$(BUNDLE_IDENTIFIER)";
				PRODUCT_NAME = "$(TARGET_NAME)";
				SDKROOT = auto;
				SUPPORTED_PLATFORMS = "iphoneos iphonesimulator macosx";
				SUPPORTS_MACCATALYST = NO;
				SUPPORTS_MAC_DESIGNED_FOR_IPHONE_IPAD = NO;
				SWIFT_EMIT_LOC_STRINGS = YES;
				SWIFT_OPTIMIZATION_LEVEL = "-O";
				SWIFT_STRICT_CONCURRENCY = complete;
				SWIFT_UPCOMING_FEATURE_EXISTENTIAL_ANY = NO;
				SWIFT_UPCOMING_FEATURE_INTERNAL_IMPORTS_BY_DEFAULT = YES;
				SWIFT_UPCOMING_FEATURE_NONISOLATED_NONSENDING_BY_DEFAULT = NO;
				SWIFT_VERSION = 6.0;
				TARGETED_DEVICE_FAMILY = "1,2";
			};
			name = Release;
		};
		C96191892ACA5530000198DB /* Debug */ = {
			isa = XCBuildConfiguration;
			buildSettings = {
				BUNDLE_LOADER = "$(TEST_HOST)";
				CODE_SIGN_STYLE = Automatic;
				CURRENT_PROJECT_VERSION = 1;
				DEAD_CODE_STRIPPING = YES;
				GENERATE_INFOPLIST_FILE = YES;
				IPHONEOS_DEPLOYMENT_TARGET = 17.0;
				MACOSX_DEPLOYMENT_TARGET = 14.0;
				MARKETING_VERSION = 1.0;
				PRODUCT_BUNDLE_IDENTIFIER = "$(BUNDLE_IDENTIFIER).Tests";
				PRODUCT_NAME = "$(TARGET_NAME)";
				SDKROOT = auto;
				SUPPORTED_PLATFORMS = "iphoneos iphonesimulator macosx";
				SWIFT_EMIT_LOC_STRINGS = NO;
				SWIFT_VERSION = 5.0;
				TARGETED_DEVICE_FAMILY = "1,2";
				TEST_HOST = "$(BUILT_PRODUCTS_DIR)/Pulse.app/$(BUNDLE_EXECUTABLE_FOLDER_PATH)/Pulse";
			};
			name = Debug;
		};
		C961918A2ACA5530000198DB /* Release */ = {
			isa = XCBuildConfiguration;
			buildSettings = {
				BUNDLE_LOADER = "$(TEST_HOST)";
				CODE_SIGN_STYLE = Automatic;
				CURRENT_PROJECT_VERSION = 1;
				DEAD_CODE_STRIPPING = YES;
				GENERATE_INFOPLIST_FILE = YES;
				IPHONEOS_DEPLOYMENT_TARGET = 17.0;
				MACOSX_DEPLOYMENT_TARGET = 14.0;
				MARKETING_VERSION = 1.0;
				PRODUCT_BUNDLE_IDENTIFIER = "$(BUNDLE_IDENTIFIER).Tests";
				PRODUCT_NAME = "$(TARGET_NAME)";
				SDKROOT = auto;
				SUPPORTED_PLATFORMS = "iphoneos iphonesimulator macosx";
				SWIFT_EMIT_LOC_STRINGS = NO;
				SWIFT_VERSION = 5.0;
				TARGETED_DEVICE_FAMILY = "1,2";
				TEST_HOST = "$(BUILT_PRODUCTS_DIR)/Pulse.app/$(BUNDLE_EXECUTABLE_FOLDER_PATH)/Pulse";
			};
			name = Release;
		};
		C961918C2ACA5530000198DB /* Debug */ = {
			isa = XCBuildConfiguration;
			buildSettings = {
				CODE_SIGN_STYLE = Automatic;
				CURRENT_PROJECT_VERSION = 1;
				DEAD_CODE_STRIPPING = YES;
				GENERATE_INFOPLIST_FILE = YES;
				IPHONEOS_DEPLOYMENT_TARGET = 17.0;
				MACOSX_DEPLOYMENT_TARGET = 14.0;
				MARKETING_VERSION = 1.0;
				PRODUCT_BUNDLE_IDENTIFIER = "$(BUNDLE_IDENTIFIER).UITests";
				PRODUCT_NAME = "$(TARGET_NAME)";
				SDKROOT = auto;
				SUPPORTED_PLATFORMS = "iphoneos iphonesimulator macosx";
				SWIFT_EMIT_LOC_STRINGS = NO;
				SWIFT_VERSION = 5.0;
				TARGETED_DEVICE_FAMILY = "1,2";
				TEST_TARGET_NAME = Pulse;
			};
			name = Debug;
		};
		C961918D2ACA5530000198DB /* Release */ = {
			isa = XCBuildConfiguration;
			buildSettings = {
				CODE_SIGN_STYLE = Automatic;
				CURRENT_PROJECT_VERSION = 1;
				DEAD_CODE_STRIPPING = YES;
				GENERATE_INFOPLIST_FILE = YES;
				IPHONEOS_DEPLOYMENT_TARGET = 17.0;
				MACOSX_DEPLOYMENT_TARGET = 14.0;
				MARKETING_VERSION = 1.0;
				PRODUCT_BUNDLE_IDENTIFIER = "$(BUNDLE_IDENTIFIER).UITests";
				PRODUCT_NAME = "$(TARGET_NAME)";
				SDKROOT = auto;
				SUPPORTED_PLATFORMS = "iphoneos iphonesimulator macosx";
				SWIFT_EMIT_LOC_STRINGS = NO;
				SWIFT_VERSION = 5.0;
				TARGETED_DEVICE_FAMILY = "1,2";
				TEST_TARGET_NAME = Pulse;
			};
			name = Release;
		};
/* End XCBuildConfiguration section */

/* Begin XCConfigurationList section */
		C96191592ACA552F000198DB /* Build configuration list for PBXProject "Pulse" */ = {
			isa = XCConfigurationList;
			buildConfigurations = (
				C96191832ACA5530000198DB /* Debug */,
				C96191842ACA5530000198DB /* Release */,
			);
			defaultConfigurationIsVisible = 0;
			defaultConfigurationName = Release;
		};
		C96191852ACA5530000198DB /* Build configuration list for PBXNativeTarget "Pulse" */ = {
			isa = XCConfigurationList;
			buildConfigurations = (
				C96191862ACA5530000198DB /* Debug */,
				C96191872ACA5530000198DB /* Release */,
			);
			defaultConfigurationIsVisible = 0;
			defaultConfigurationName = Release;
		};
		C96191882ACA5530000198DB /* Build configuration list for PBXNativeTarget "PulseTests" */ = {
			isa = XCConfigurationList;
			buildConfigurations = (
				C96191892ACA5530000198DB /* Debug */,
				C961918A2ACA5530000198DB /* Release */,
			);
			defaultConfigurationIsVisible = 0;
			defaultConfigurationName = Release;
		};
		C961918B2ACA5530000198DB /* Build configuration list for PBXNativeTarget "PulseUITests" */ = {
			isa = XCConfigurationList;
			buildConfigurations = (
				C961918C2ACA5530000198DB /* Debug */,
				C961918D2ACA5530000198DB /* Release */,
			);
			defaultConfigurationIsVisible = 0;
			defaultConfigurationName = Release;
		};
/* End XCConfigurationList section */
	};
	rootObject = C96191562ACA552F000198DB /* Project object */;
}
